
Microsoft Visual Studio Solution File, Format Version 12.00
# Visual Studio 15
VisualStudioVersion = 15.0.26228.9
MinimumVisualStudioVersion = 10.0.40219.1
Project("{FAE04EC0-301F-11D3-BF4B-00C04F79EFBC}") = "HelloWindowsIot", "HelloWindowsIot\HelloWindowsIot.csproj", "{2D5B63C1-03F5-4D81-8C7D-8FD278ABF2AB}"
EndProject
Project("{FAE04EC0-301F-11D3-BF4B-00C04F79EFBC}") = "GraphService", "GraphService\GraphService.csproj", "{9D16C80D-1C21-4A1F-81B5-B47092BFE462}"
EndProject
Project("{FAE04EC0-301F-11D3-BF4B-00C04F79EFBC}") = "BackgroundTasks", "BackgroundTasks\BackgroundTasks.csproj", "{C97CAE29-5961-421F-9A43-3334D016AE68}"
EndProject
Project("{FAE04EC0-301F-11D3-BF4B-00C04F79EFBC}") = "AppSettings", "AppSettings\AppSettings.csproj", "{E6D45A58-FB42-4DF9-ABFF-AF92537862F9}"
EndProject
Project("{FAE04EC0-301F-11D3-BF4B-00C04F79EFBC}") = "DataAccessLayer", "DataAccessLayer\DataAccessLayer.csproj", "{28FC5D9B-DE40-4328-AAD1-ABE4C4A94F57}"
EndProject
Global
	GlobalSection(SolutionConfigurationPlatforms) = preSolution
		Debug|Any CPU = Debug|Any CPU
		Debug|ARM = Debug|ARM
		Debug|ARM64 = Debug|ARM64
		Debug|x64 = Debug|x64
		Debug|x86 = Debug|x86
		Release|Any CPU = Release|Any CPU
		Release|ARM = Release|ARM
		Release|ARM64 = Release|ARM64
		Release|x64 = Release|x64
		Release|x86 = Release|x86
	EndGlobalSection
	GlobalSection(ProjectConfigurationPlatforms) = postSolution
		{2D5B63C1-03F5-4D81-8C7D-8FD278ABF2AB}.Debug|Any CPU.ActiveCfg = Debug|x86
		{2D5B63C1-03F5-4D81-8C7D-8FD278ABF2AB}.Debug|ARM.ActiveCfg = Debug|ARM
		{2D5B63C1-03F5-4D81-8C7D-8FD278ABF2AB}.Debug|ARM.Build.0 = Debug|ARM
		{2D5B63C1-03F5-4D81-8C7D-8FD278ABF2AB}.Debug|ARM.Deploy.0 = Debug|ARM
		{2D5B63C1-03F5-4D81-8C7D-8FD278ABF2AB}.Debug|ARM64.ActiveCfg = Debug|x86
		{2D5B63C1-03F5-4D81-8C7D-8FD278ABF2AB}.Debug|x64.ActiveCfg = Debug|x64
		{2D5B63C1-03F5-4D81-8C7D-8FD278ABF2AB}.Debug|x64.Build.0 = Debug|x64
		{2D5B63C1-03F5-4D81-8C7D-8FD278ABF2AB}.Debug|x64.Deploy.0 = Debug|x64
		{2D5B63C1-03F5-4D81-8C7D-8FD278ABF2AB}.Debug|x86.ActiveCfg = Debug|x86
		{2D5B63C1-03F5-4D81-8C7D-8FD278ABF2AB}.Debug|x86.Build.0 = Debug|x86
		{2D5B63C1-03F5-4D81-8C7D-8FD278ABF2AB}.Debug|x86.Deploy.0 = Debug|x86
		{2D5B63C1-03F5-4D81-8C7D-8FD278ABF2AB}.Release|Any CPU.ActiveCfg = Release|x86
		{2D5B63C1-03F5-4D81-8C7D-8FD278ABF2AB}.Release|ARM.ActiveCfg = Release|ARM
		{2D5B63C1-03F5-4D81-8C7D-8FD278ABF2AB}.Release|ARM.Build.0 = Release|ARM
		{2D5B63C1-03F5-4D81-8C7D-8FD278ABF2AB}.Release|ARM.Deploy.0 = Release|ARM
		{2D5B63C1-03F5-4D81-8C7D-8FD278ABF2AB}.Release|ARM64.ActiveCfg = Release|x86
		{2D5B63C1-03F5-4D81-8C7D-8FD278ABF2AB}.Release|x64.ActiveCfg = Release|x64
		{2D5B63C1-03F5-4D81-8C7D-8FD278ABF2AB}.Release|x64.Build.0 = Release|x64
		{2D5B63C1-03F5-4D81-8C7D-8FD278ABF2AB}.Release|x64.Deploy.0 = Release|x64
		{2D5B63C1-03F5-4D81-8C7D-8FD278ABF2AB}.Release|x86.ActiveCfg = Release|x86
		{2D5B63C1-03F5-4D81-8C7D-8FD278ABF2AB}.Release|x86.Build.0 = Release|x86
		{2D5B63C1-03F5-4D81-8C7D-8FD278ABF2AB}.Release|x86.Deploy.0 = Release|x86
		{9D16C80D-1C21-4A1F-81B5-B47092BFE462}.Debug|Any CPU.ActiveCfg = Debug|Any CPU
		{9D16C80D-1C21-4A1F-81B5-B47092BFE462}.Debug|Any CPU.Build.0 = Debug|Any CPU
		{9D16C80D-1C21-4A1F-81B5-B47092BFE462}.Debug|ARM.ActiveCfg = Debug|ARM
		{9D16C80D-1C21-4A1F-81B5-B47092BFE462}.Debug|ARM.Build.0 = Debug|ARM
		{9D16C80D-1C21-4A1F-81B5-B47092BFE462}.Debug|ARM64.ActiveCfg = Debug|Any CPU
		{9D16C80D-1C21-4A1F-81B5-B47092BFE462}.Debug|ARM64.Build.0 = Debug|Any CPU
		{9D16C80D-1C21-4A1F-81B5-B47092BFE462}.Debug|x64.ActiveCfg = Debug|x64
		{9D16C80D-1C21-4A1F-81B5-B47092BFE462}.Debug|x64.Build.0 = Debug|x64
		{9D16C80D-1C21-4A1F-81B5-B47092BFE462}.Debug|x86.ActiveCfg = Debug|x86
		{9D16C80D-1C21-4A1F-81B5-B47092BFE462}.Debug|x86.Build.0 = Debug|x86
		{9D16C80D-1C21-4A1F-81B5-B47092BFE462}.Release|Any CPU.ActiveCfg = Release|Any CPU
		{9D16C80D-1C21-4A1F-81B5-B47092BFE462}.Release|Any CPU.Build.0 = Release|Any CPU
		{9D16C80D-1C21-4A1F-81B5-B47092BFE462}.Release|ARM.ActiveCfg = Release|ARM
		{9D16C80D-1C21-4A1F-81B5-B47092BFE462}.Release|ARM.Build.0 = Release|ARM
		{9D16C80D-1C21-4A1F-81B5-B47092BFE462}.Release|ARM64.ActiveCfg = Release|Any CPU
		{9D16C80D-1C21-4A1F-81B5-B47092BFE462}.Release|ARM64.Build.0 = Release|Any CPU
		{9D16C80D-1C21-4A1F-81B5-B47092BFE462}.Release|x64.ActiveCfg = Release|x64
		{9D16C80D-1C21-4A1F-81B5-B47092BFE462}.Release|x64.Build.0 = Release|x64
		{9D16C80D-1C21-4A1F-81B5-B47092BFE462}.Release|x86.ActiveCfg = Release|x86
		{9D16C80D-1C21-4A1F-81B5-B47092BFE462}.Release|x86.Build.0 = Release|x86
		{C97CAE29-5961-421F-9A43-3334D016AE68}.Debug|Any CPU.ActiveCfg = Debug|Any CPU
		{C97CAE29-5961-421F-9A43-3334D016AE68}.Debug|Any CPU.Build.0 = Debug|Any CPU
		{C97CAE29-5961-421F-9A43-3334D016AE68}.Debug|ARM.ActiveCfg = Debug|ARM
		{C97CAE29-5961-421F-9A43-3334D016AE68}.Debug|ARM.Build.0 = Debug|ARM
		{C97CAE29-5961-421F-9A43-3334D016AE68}.Debug|ARM64.ActiveCfg = Debug|ARM64
		{C97CAE29-5961-421F-9A43-3334D016AE68}.Debug|ARM64.Build.0 = Debug|ARM64
		{C97CAE29-5961-421F-9A43-3334D016AE68}.Debug|x64.ActiveCfg = Debug|x64
		{C97CAE29-5961-421F-9A43-3334D016AE68}.Debug|x64.Build.0 = Debug|x64
		{C97CAE29-5961-421F-9A43-3334D016AE68}.Debug|x86.ActiveCfg = Debug|x86
		{C97CAE29-5961-421F-9A43-3334D016AE68}.Debug|x86.Build.0 = Debug|x86
		{C97CAE29-5961-421F-9A43-3334D016AE68}.Release|Any CPU.ActiveCfg = Release|Any CPU
		{C97CAE29-5961-421F-9A43-3334D016AE68}.Release|Any CPU.Build.0 = Release|Any CPU
		{C97CAE29-5961-421F-9A43-3334D016AE68}.Release|ARM.ActiveCfg = Release|ARM
		{C97CAE29-5961-421F-9A43-3334D016AE68}.Release|ARM.Build.0 = Release|ARM
		{C97CAE29-5961-421F-9A43-3334D016AE68}.Release|ARM64.ActiveCfg = Release|ARM64
		{C97CAE29-5961-421F-9A43-3334D016AE68}.Release|ARM64.Build.0 = Release|ARM64
		{C97CAE29-5961-421F-9A43-3334D016AE68}.Release|x64.ActiveCfg = Release|x64
		{C97CAE29-5961-421F-9A43-3334D016AE68}.Release|x64.Build.0 = Release|x64
		{C97CAE29-5961-421F-9A43-3334D016AE68}.Release|x86.ActiveCfg = Release|x86
		{C97CAE29-5961-421F-9A43-3334D016AE68}.Release|x86.Build.0 = Release|x86
		{E6D45A58-FB42-4DF9-ABFF-AF92537862F9}.Debug|Any CPU.ActiveCfg = Debug|Any CPU
		{E6D45A58-FB42-4DF9-ABFF-AF92537862F9}.Debug|Any CPU.Build.0 = Debug|Any CPU
		{E6D45A58-FB42-4DF9-ABFF-AF92537862F9}.Debug|ARM.ActiveCfg = Debug|ARM
		{E6D45A58-FB42-4DF9-ABFF-AF92537862F9}.Debug|ARM.Build.0 = Debug|ARM
		{E6D45A58-FB42-4DF9-ABFF-AF92537862F9}.Debug|ARM64.ActiveCfg = Debug|ARM64
		{E6D45A58-FB42-4DF9-ABFF-AF92537862F9}.Debug|ARM64.Build.0 = Debug|ARM64
		{E6D45A58-FB42-4DF9-ABFF-AF92537862F9}.Debug|x64.ActiveCfg = Debug|x64
		{E6D45A58-FB42-4DF9-ABFF-AF92537862F9}.Debug|x64.Build.0 = Debug|x64
		{E6D45A58-FB42-4DF9-ABFF-AF92537862F9}.Debug|x86.ActiveCfg = Debug|x86
		{E6D45A58-FB42-4DF9-ABFF-AF92537862F9}.Debug|x86.Build.0 = Debug|x86
		{E6D45A58-FB42-4DF9-ABFF-AF92537862F9}.Release|Any CPU.ActiveCfg = Release|Any CPU
		{E6D45A58-FB42-4DF9-ABFF-AF92537862F9}.Release|Any CPU.Build.0 = Release|Any CPU
		{E6D45A58-FB42-4DF9-ABFF-AF92537862F9}.Release|ARM.ActiveCfg = Release|ARM
		{E6D45A58-FB42-4DF9-ABFF-AF92537862F9}.Release|ARM.Build.0 = Release|ARM
		{E6D45A58-FB42-4DF9-ABFF-AF92537862F9}.Release|ARM64.ActiveCfg = Release|ARM64
		{E6D45A58-FB42-4DF9-ABFF-AF92537862F9}.Release|ARM64.Build.0 = Release|ARM64
		{E6D45A58-FB42-4DF9-ABFF-AF92537862F9}.Release|x64.ActiveCfg = Release|x64
		{E6D45A58-FB42-4DF9-ABFF-AF92537862F9}.Release|x64.Build.0 = Release|x64
		{E6D45A58-FB42-4DF9-ABFF-AF92537862F9}.Release|x86.ActiveCfg = Release|x86
		{E6D45A58-FB42-4DF9-ABFF-AF92537862F9}.Release|x86.Build.0 = Release|x86
		{28FC5D9B-DE40-4328-AAD1-ABE4C4A94F57}.Debug|Any CPU.ActiveCfg = Debug|Any CPU
		{28FC5D9B-DE40-4328-AAD1-ABE4C4A94F57}.Debug|Any CPU.Build.0 = Debug|Any CPU
		{28FC5D9B-DE40-4328-AAD1-ABE4C4A94F57}.Debug|ARM.ActiveCfg = Debug|ARM
		{28FC5D9B-DE40-4328-AAD1-ABE4C4A94F57}.Debug|ARM.Build.0 = Debug|ARM
		{28FC5D9B-DE40-4328-AAD1-ABE4C4A94F57}.Debug|ARM64.ActiveCfg = Debug|ARM64
		{28FC5D9B-DE40-4328-AAD1-ABE4C4A94F57}.Debug|ARM64.Build.0 = Debug|ARM64
		{28FC5D9B-DE40-4328-AAD1-ABE4C4A94F57}.Debug|x64.ActiveCfg = Debug|x64
		{28FC5D9B-DE40-4328-AAD1-ABE4C4A94F57}.Debug|x64.Build.0 = Debug|x64
		{28FC5D9B-DE40-4328-AAD1-ABE4C4A94F57}.Debug|x86.ActiveCfg = Debug|x86
		{28FC5D9B-DE40-4328-AAD1-ABE4C4A94F57}.Debug|x86.Build.0 = Debug|x86
		{28FC5D9B-DE40-4328-AAD1-ABE4C4A94F57}.Release|Any CPU.ActiveCfg = Release|Any CPU
		{28FC5D9B-DE40-4328-AAD1-ABE4C4A94F57}.Release|Any CPU.Build.0 = Release|Any CPU
		{28FC5D9B-DE40-4328-AAD1-ABE4C4A94F57}.Release|ARM.ActiveCfg = Release|ARM
		{28FC5D9B-DE40-4328-AAD1-ABE4C4A94F57}.Release|ARM.Build.0 = Release|ARM
		{28FC5D9B-DE40-4328-AAD1-ABE4C4A94F57}.Release|ARM64.ActiveCfg = Release|ARM64
		{28FC5D9B-DE40-4328-AAD1-ABE4C4A94F57}.Release|ARM64.Build.0 = Release|ARM64
		{28FC5D9B-DE40-4328-AAD1-ABE4C4A94F57}.Release|x64.ActiveCfg = Release|x64
		{28FC5D9B-DE40-4328-AAD1-ABE4C4A94F57}.Release|x64.Build.0 = Release|x64
		{28FC5D9B-DE40-4328-AAD1-ABE4C4A94F57}.Release|x86.ActiveCfg = Release|x86
		{28FC5D9B-DE40-4328-AAD1-ABE4C4A94F57}.Release|x86.Build.0 = Release|x86
	EndGlobalSection
	GlobalSection(SolutionProperties) = preSolution
		HideSolutionNode = FALSE
	EndGlobalSection
	GlobalSection(ExtensibilityGlobals) = postSolution
		SolutionGuid = {21585741-4CBC-4302-8063-185F2CADB3EC}
	EndGlobalSection
EndGlobal
